
Microsoft Visual Studio Solution File, Format Version 12.00
# Visual Studio Version 17
VisualStudioVersion = 17.0.31903.59
MinimumVisualStudioVersion = 10.0.40219.1
Project("{888888A0-9F3D-457C-B088-3A5042F75D52}") = "PyNetHttp", "PyNetHttp\PyNetHttp.pyproj", "{87309D93-A15A-497A-9457-F6683A126A4F}"
EndProject
Global
	GlobalSection(SolutionConfigurationPlatforms) = preSolution
		Debug|Any CPU = Debug|Any CPU
		Release|Any CPU = Release|Any CPU
	EndGlobalSection
	GlobalSection(ProjectConfigurationPlatforms) = postSolution
		{87309D93-A15A-497A-9457-F6683A126A4F}.Debug|Any CPU.ActiveCfg = Debug|Any CPU
		{87309D93-A15A-497A-9457-F6683A126A4F}.Release|Any CPU.ActiveCfg = Release|Any CPU
	EndGlobalSection
	GlobalSection(SolutionProperties) = preSolution
		HideSolutionNode = FALSE
	EndGlobalSection
	GlobalSection(ExtensibilityGlobals) = postSolution
		SolutionGuid = {EE1DBC62-65E6-46AA-AC76-81CCBF85126B}
	EndGlobalSection
EndGlobal
